
Microsoft Visual Studio Solution File, Format Version 12.00
# Visual Studio Version 16
VisualStudioVersion = 16.0.28721.148
MinimumVisualStudioVersion = 10.0.40219.1
Project("{FAE04EC0-301F-11D3-BF4B-00C04F79EFBC}") = "gprc.Server", "gprc\gprc.Server\gprc.Server.csproj", "{B11198D4-E0A8-44E6-A3C4-6F3808F09DDC}"
EndProject
Project("{FAE04EC0-301F-11D3-BF4B-00C04F79EFBC}") = "gprc.Client", "gprc\gprc.Client\gprc.Client.csproj", "{E9555BD1-E0CD-486B-B235-C1CA7EBE67E7}"
EndProject
Global
	GlobalSection(SolutionConfigurationPlatforms) = preSolution
		Debug|Any CPU = Debug|Any CPU
		Release|Any CPU = Release|Any CPU
	EndGlobalSection
	GlobalSection(ProjectConfigurationPlatforms) = postSolution
		{B11198D4-E0A8-44E6-A3C4-6F3808F09DDC}.Debug|Any CPU.ActiveCfg = Debug|Any CPU
		{B11198D4-E0A8-44E6-A3C4-6F3808F09DDC}.Debug|Any CPU.Build.0 = Debug|Any CPU
		{B11198D4-E0A8-44E6-A3C4-6F3808F09DDC}.Release|Any CPU.ActiveCfg = Release|Any CPU
		{B11198D4-E0A8-44E6-A3C4-6F3808F09DDC}.Release|Any CPU.Build.0 = Release|Any CPU
		{E9555BD1-E0CD-486B-B235-C1CA7EBE67E7}.Debug|Any CPU.ActiveCfg = Debug|Any CPU
		{E9555BD1-E0CD-486B-B235-C1CA7EBE67E7}.Debug|Any CPU.Build.0 = Debug|Any CPU
		{E9555BD1-E0CD-486B-B235-C1CA7EBE67E7}.Release|Any CPU.ActiveCfg = Release|Any CPU
		{E9555BD1-E0CD-486B-B235-C1CA7EBE67E7}.Release|Any CPU.Build.0 = Release|Any CPU
	EndGlobalSection
	GlobalSection(SolutionProperties) = preSolution
		HideSolutionNode = FALSE
	EndGlobalSection
	GlobalSection(ExtensibilityGlobals) = postSolution
		SolutionGuid = {0AE56636-3763-4382-AE20-D62A69562ACC}
	EndGlobalSection
EndGlobal
